
Microsoft Visual Studio Solution File, Format Version 12.00
# Visual Studio 15
VisualStudioVersion = 15.0.28307.271
MinimumVisualStudioVersion = 10.0.40219.1
Project("{FAE04EC0-301F-11D3-BF4B-00C04F79EFBC}") = "Indexer", "Indexer\Indexer.csproj", "{AF0084A9-3AEF-4BD5-9E21-DF587FEFEFCC}"
EndProject
Project("{FAE04EC0-301F-11D3-BF4B-00C04F79EFBC}") = "Searcher", "Searcher\Searcher.csproj", "{A973570F-7C8A-490D-94AC-888F95800272}"
EndProject
Global
	GlobalSection(SolutionConfigurationPlatforms) = preSolution
		Debug|Any CPU = Debug|Any CPU
		Release|Any CPU = Release|Any CPU
	EndGlobalSection
	GlobalSection(ProjectConfigurationPlatforms) = postSolution
		{AF0084A9-3AEF-4BD5-9E21-DF587FEFEFCC}.Debug|Any CPU.ActiveCfg = Debug|Any CPU
		{AF0084A9-3AEF-4BD5-9E21-DF587FEFEFCC}.Debug|Any CPU.Build.0 = Debug|Any CPU
		{AF0084A9-3AEF-4BD5-9E21-DF587FEFEFCC}.Release|Any CPU.ActiveCfg = Release|Any CPU
		{AF0084A9-3AEF-4BD5-9E21-DF587FEFEFCC}.Release|Any CPU.Build.0 = Release|Any CPU
		{A973570F-7C8A-490D-94AC-888F95800272}.Debug|Any CPU.ActiveCfg = Debug|Any CPU
		{A973570F-7C8A-490D-94AC-888F95800272}.Debug|Any CPU.Build.0 = Debug|Any CPU
		{A973570F-7C8A-490D-94AC-888F95800272}.Release|Any CPU.ActiveCfg = Release|Any CPU
		{A973570F-7C8A-490D-94AC-888F95800272}.Release|Any CPU.Build.0 = Release|Any CPU
	EndGlobalSection
	GlobalSection(SolutionProperties) = preSolution
		HideSolutionNode = FALSE
	EndGlobalSection
	GlobalSection(ExtensibilityGlobals) = postSolution
		SolutionGuid = {DB183593-D879-4617-A927-5B8F25139449}
	EndGlobalSection
EndGlobal
